
Microsoft Visual Studio Solution File, Format Version 12.00
# Visual Studio 15
VisualStudioVersion = 15.0.28307.489
MinimumVisualStudioVersion = 10.0.40219.1
Project("{FAE04EC0-301F-11D3-BF4B-00C04F79EFBC}") = "NPCGenerator", "NPCGenerator\NPCGenerator.csproj", "{5501CD54-5CFC-4A50-82AC-FCC53CCC797D}"
EndProject
Global
	GlobalSection(SolutionConfigurationPlatforms) = preSolution
		Debug|Any CPU = Debug|Any CPU
		Release|Any CPU = Release|Any CPU
	EndGlobalSection
	GlobalSection(ProjectConfigurationPlatforms) = postSolution
		{5501CD54-5CFC-4A50-82AC-FCC53CCC797D}.Debug|Any CPU.ActiveCfg = Debug|Any CPU
		{5501CD54-5CFC-4A50-82AC-FCC53CCC797D}.Debug|Any CPU.Build.0 = Debug|Any CPU
		{5501CD54-5CFC-4A50-82AC-FCC53CCC797D}.Release|Any CPU.ActiveCfg = Release|Any CPU
		{5501CD54-5CFC-4A50-82AC-FCC53CCC797D}.Release|Any CPU.Build.0 = Release|Any CPU
	EndGlobalSection
	GlobalSection(SolutionProperties) = preSolution
		HideSolutionNode = FALSE
	EndGlobalSection
	GlobalSection(ExtensibilityGlobals) = postSolution
		SolutionGuid = {A779B50B-19C5-4B59-A822-E72114A35187}
	EndGlobalSection
EndGlobal
